<?xml version="1.0" encoding="utf-8"?>
<Project ToolsVersion="4.0" xmlns="http://schemas.microsoft.com/developer/msbuild/2003">
  <ItemGroup>
    <Filter Include="Source Files">
      <UniqueIdentifier>{4FC737F1-C7A5-4376-A066-2A32D752A2FF}</UniqueIdentifier>
      <Extensions>cpp;c;cc;cxx;def;odl;idl;hpj;bat;asm;asmx</Extensions>
    </Filter>
    <Filter Include="Header Files">
      <UniqueIdentifier>{93995380-89BD-4b04-88EB-625FBE52EBFB}</UniqueIdentifier>
      <Extensions>h;hpp;hxx;hm;inl;inc;xsd</Extensions>
    </Filter>
    <Filter Include="Resource Files">
      <UniqueIdentifier>{67DA6AB6-F800-4c08-8B7A-83BB121AAD01}</UniqueIdentifier>
      <Extensions>rc;ico;cur;bmp;dlg;rc2;rct;bin;rgs;gif;jpg;jpeg;jpe;resx;tiff;tif;png;wav</Extensions>
    </Filter>
  </ItemGroup>
  <ItemGroup>
    <ClCompile Include="dllmain.cpp">
      <Filter>Source Files</Filter>
    </ClCompile>
    <ClCompile Include="IOHandlers.cpp">
      <Filter>Source Files</Filter>
    </ClCompile>
    <ClCompile Include="stdafx.cpp">
      <Filter>Source Files</Filter>
    </ClCompile>
    <ClCompile Include="VBoxDD.cpp">
      <Filter>Source Files</Filter>
    </ClCompile>
    <ClCompile Include="..\kdclient\VMAPI\VirtualBox_i.c">
      <Filter>Source Files</Filter>
    </ClCompile>
    <ClCompile Include="selfreg.cpp">
      <Filter>Source Files</Filter>
    </ClCompile>
  </ItemGroup>
  <ItemGroup>
    <None Include="ReadMe.txt" />
    <None Include="VBoxDD.def">
      <Filter>Source Files</Filter>
    </None>
  </ItemGroup>
  <ItemGroup>
    <ClInclude Include="IOHandlers.h">
      <Filter>Header Files</Filter>
    </ClInclude>
    <ClInclude Include="..\rpcdispatch\kdcomdisp.h">
      <Filter>Header Files</Filter>
    </ClInclude>
    <ClInclude Include="..\rpcdispatch\PacketLog.h">
      <Filter>Header Files</Filter>
    </ClInclude>
    <ClInclude Include="..\rpcdispatch\permdesc.h">
      <Filter>Header Files</Filter>
    </ClInclude>
    <ClInclude Include="..\rpcdispatch\pipesrv.h">
      <Filter>Header Files</Filter>
    </ClInclude>
    <ClInclude Include="..\rpcdispatch\reporter.h">
      <Filter>Header Files</Filter>
    </ClInclude>
    <ClInclude Include="resource.h">
      <Filter>Header Files</Filter>
    </ClInclude>
    <ClInclude Include="..\rpcdispatch\rpcdisp.h">
      <Filter>Header Files</Filter>
    </ClInclude>
    <ClInclude Include="..\rpcdispatch\ServiceCommandHandler.h">
      <Filter>Header Files</Filter>
    </ClInclude>
    <ClInclude Include="..\rpcdispatch\ServiceCommandProtocol.h">
      <Filter>Header Files</Filter>
    </ClInclude>
    <ClInclude Include="..\rpcdispatch\status.h">
      <Filter>Header Files</Filter>
    </ClInclude>
    <ClInclude Include="stdafx.h">
      <Filter>Header Files</Filter>
    </ClInclude>
    <ClInclude Include="targetver.h">
      <Filter>Header Files</Filter>
    </ClInclude>
    <ClInclude Include="..\rpcdispatch\trassist.h">
      <Filter>Header Files</Filter>
    </ClInclude>
    <ClInclude Include="VBoxCmdLine.h">
      <Filter>Header Files</Filter>
    </ClInclude>
  </ItemGroup>
  <ItemGroup>
    <ResourceCompile Include="VBoxDD.rc">
      <Filter>Resource Files</Filter>
    </ResourceCompile>
  </ItemGroup>
</Project>